github.com/google/uuid v1.6.0 h1:NIvaJDMOsjHA8n1jAhLSgzrAzy1Hgr+hNrb57e+94F0=
github.com/google/uuid v1.6.0/go.mod h1:TIyPZe4MgqvfeYDBFedMoGGpEw/LqOeaOT+nhxU+yHo=
github.com/xchwan/simple-web-framework v0.0.0-20260522143116-553289f21809 h1:7s28rPT/4fQNO+8zOo5kPJCVidWqE6jtyxGVLxSY1VY=
github.com/xchwan/simple-web-framework v0.0.0-20260522143116-553289f21809/go.mod h1:OWVBP0uMsnzMG4ztEfHsJPiYK2mJL7eKDG4UE+EFM5g=
